
Microsoft Visual Studio Solution File, Format Version 12.00
# Visual Studio Version 17
VisualStudioVersion = 17.8.34330.188
MinimumVisualStudioVersion = 10.0.40219.1
Project("{9A19103F-16F7-4668-BE54-9A1E7A4F7556}") = "Sandbox.Api", "Sandbox.Api\Sandbox.Api.csproj", "{C872E0CA-6CE0-49EC-9A3E-88009C846642}"
EndProject
Project("{9A19103F-16F7-4668-BE54-9A1E7A4F7556}") = "Sandbox.Data", "Sandbox.Data\Sandbox.Data.csproj", "{7A5D0DE5-B432-449D-981D-53AB4FDDF256}"
EndProject
Project("{9A19103F-16F7-4668-BE54-9A1E7A4F7556}") = "Sandbox.Database", "Sandbox.Database\Sandbox.Database.csproj", "{D1E661EC-4E28-434B-9198-54D16CEECECB}"
EndProject
Project("{54A90642-561A-4BB1-A94E-469ADEE60C69}") = "sandbox.reactclient", "Sandbox.ReactClient\sandbox.reactclient.esproj", "{C9071660-191D-49BE-AB3B-5ECB250D167C}"
EndProject
Global
	GlobalSection(SolutionConfigurationPlatforms) = preSolution
		Debug|Any CPU = Debug|Any CPU
		Release|Any CPU = Release|Any CPU
	EndGlobalSection
	GlobalSection(ProjectConfigurationPlatforms) = postSolution
		{C872E0CA-6CE0-49EC-9A3E-88009C846642}.Debug|Any CPU.ActiveCfg = Debug|Any CPU
		{C872E0CA-6CE0-49EC-9A3E-88009C846642}.Debug|Any CPU.Build.0 = Debug|Any CPU
		{C872E0CA-6CE0-49EC-9A3E-88009C846642}.Release|Any CPU.ActiveCfg = Release|Any CPU
		{C872E0CA-6CE0-49EC-9A3E-88009C846642}.Release|Any CPU.Build.0 = Release|Any CPU
		{7A5D0DE5-B432-449D-981D-53AB4FDDF256}.Debug|Any CPU.ActiveCfg = Debug|Any CPU
		{7A5D0DE5-B432-449D-981D-53AB4FDDF256}.Debug|Any CPU.Build.0 = Debug|Any CPU
		{7A5D0DE5-B432-449D-981D-53AB4FDDF256}.Release|Any CPU.ActiveCfg = Release|Any CPU
		{7A5D0DE5-B432-449D-981D-53AB4FDDF256}.Release|Any CPU.Build.0 = Release|Any CPU
		{D1E661EC-4E28-434B-9198-54D16CEECECB}.Debug|Any CPU.ActiveCfg = Debug|Any CPU
		{D1E661EC-4E28-434B-9198-54D16CEECECB}.Debug|Any CPU.Build.0 = Debug|Any CPU
		{D1E661EC-4E28-434B-9198-54D16CEECECB}.Release|Any CPU.ActiveCfg = Release|Any CPU
		{D1E661EC-4E28-434B-9198-54D16CEECECB}.Release|Any CPU.Build.0 = Release|Any CPU
		{C9071660-191D-49BE-AB3B-5ECB250D167C}.Debug|Any CPU.ActiveCfg = Debug|Any CPU
		{C9071660-191D-49BE-AB3B-5ECB250D167C}.Debug|Any CPU.Build.0 = Debug|Any CPU
		{C9071660-191D-49BE-AB3B-5ECB250D167C}.Debug|Any CPU.Deploy.0 = Debug|Any CPU
		{C9071660-191D-49BE-AB3B-5ECB250D167C}.Release|Any CPU.ActiveCfg = Release|Any CPU
		{C9071660-191D-49BE-AB3B-5ECB250D167C}.Release|Any CPU.Build.0 = Release|Any CPU
		{C9071660-191D-49BE-AB3B-5ECB250D167C}.Release|Any CPU.Deploy.0 = Release|Any CPU
	EndGlobalSection
	GlobalSection(SolutionProperties) = preSolution
		HideSolutionNode = FALSE
	EndGlobalSection
	GlobalSection(ExtensibilityGlobals) = postSolution
		SolutionGuid = {B6D2E9BB-8AFF-4428-B38B-F39993953E88}
	EndGlobalSection
EndGlobal
